
Microsoft Visual Studio Solution File, Format Version 12.00
# Visual Studio Version 17
VisualStudioVersion = 17.3.32901.215
MinimumVisualStudioVersion = 10.0.40219.1
Project("{FAE04EC0-301F-11D3-BF4B-00C04F79EFBC}") = "Grote_Opdracht", "Grote_Opdracht\Grote_Opdracht.csproj", "{39F72A6A-531B-479D-89C7-63D10219D3BD}"
EndProject
Global
	GlobalSection(SolutionConfigurationPlatforms) = preSolution
		Debug|Any CPU = Debug|Any CPU
		Release|Any CPU = Release|Any CPU
	EndGlobalSection
	GlobalSection(ProjectConfigurationPlatforms) = postSolution
		{39F72A6A-531B-479D-89C7-63D10219D3BD}.Debug|Any CPU.ActiveCfg = Debug|Any CPU
		{39F72A6A-531B-479D-89C7-63D10219D3BD}.Debug|Any CPU.Build.0 = Debug|Any CPU
		{39F72A6A-531B-479D-89C7-63D10219D3BD}.Release|Any CPU.ActiveCfg = Release|Any CPU
		{39F72A6A-531B-479D-89C7-63D10219D3BD}.Release|Any CPU.Build.0 = Release|Any CPU
	EndGlobalSection
	GlobalSection(SolutionProperties) = preSolution
		HideSolutionNode = FALSE
	EndGlobalSection
	GlobalSection(ExtensibilityGlobals) = postSolution
		SolutionGuid = {6D5F5DE0-BC15-4E21-BF4F-63C5B31C4371}
	EndGlobalSection
EndGlobal
